{
    "name": "name",
    "version": "1.0.0",
    "lockfileVersion": 1,
    "requires": true,
    "dependencies": {
        "handlebars": {
            "version": ">=4.3.0",
            "resolved": "https://registry.npmjs.org/handlebars/-/handlebars-4.1.1.tgz",
            "integrity": "sha512-3Zhi6C0euYZL5sM0Zcy7lInLXKQ+YLcF/olbN010mzGQ4XVm50JeyBnMqofHh696GrciGruC7kCcApPDJvVgwA=="
            }
        },
        "jquery": {
            "version": ">=3.4.0",
            "resolved": "https://registry.npmjs.org/jquery/-/jquery-3.3.1.tgz",
            "integrity": "sha512-Ubldcmxp5np52/ENotGxlLe6aGMvmF4R8S6tZjsP6Knsaxd/xp3Zrh50cG93lR6nPXyUFwzN3ZSOQI0wRJNdGg=="
        },
        "sammy": {
            "version": "0.7.6",
            "resolved": "https://registry.npmjs.org/sammy/-/sammy-0.7.6.tgz",
            "integrity": "sha1-Rk/lTR+JZhzDqYgAYwVxEyHpqcE="
        }
    }
}
